
Microsoft Visual Studio Solution File, Format Version 12.00
# Visual Studio Version 17
VisualStudioVersion = 17.0.31903.59
MinimumVisualStudioVersion = 10.0.40219.1
Project("{FAE04EC0-301F-11D3-BF4B-00C04F79EFBC}") = "NetSim.App", "NetSim.App\NetSim.App.csproj", "{B2D46281-B43A-4107-9A74-9F092B441585}"
EndProject
Project("{FAE04EC0-301F-11D3-BF4B-00C04F79EFBC}") = "NetSim.Core", "NetSim.Core\NetSim.Core.csproj", "{2A173573-5095-4A85-8E72-E57FCB32D1F3}"
EndProject
Project("{FAE04EC0-301F-11D3-BF4B-00C04F79EFBC}") = "NetSim.Core.Tests", "NetSim.Core.Tests\NetSim.Core.Tests.csproj", "{1FDEDDF9-F650-4524-881F-2E43E6FF8A08}"
EndProject
Project("{FAE04EC0-301F-11D3-BF4B-00C04F79EFBC}") = "NetSim.Application", "NetSim.Application\NetSim.Application.csproj", "{45574FFC-3B11-4F9B-BB61-618D13D4A7DE}"
EndProject
Project("{FAE04EC0-301F-11D3-BF4B-00C04F79EFBC}") = "NetSim.Application.Tests", "NetSim.Application.Tests\NetSim.Application.Tests.csproj", "{1450FD10-CA85-4627-A2BA-2D29499D56B0}"
EndProject
Project("{FAE04EC0-301F-11D3-BF4B-00C04F79EFBC}") = "NetSim.UI", "NetSim.UI\NetSim.UI.csproj", "{F96DBA62-9762-4A98-B6B3-B17E605594F2}"
EndProject
Global
	GlobalSection(SolutionConfigurationPlatforms) = preSolution
		Debug|Any CPU = Debug|Any CPU
		Debug|x64 = Debug|x64
		Debug|x86 = Debug|x86
		Release|Any CPU = Release|Any CPU
		Release|x64 = Release|x64
		Release|x86 = Release|x86
	EndGlobalSection
	GlobalSection(ProjectConfigurationPlatforms) = postSolution
		{B2D46281-B43A-4107-9A74-9F092B441585}.Debug|Any CPU.ActiveCfg = Debug|Any CPU
		{B2D46281-B43A-4107-9A74-9F092B441585}.Debug|Any CPU.Build.0 = Debug|Any CPU
		{B2D46281-B43A-4107-9A74-9F092B441585}.Debug|x64.ActiveCfg = Debug|Any CPU
		{B2D46281-B43A-4107-9A74-9F092B441585}.Debug|x64.Build.0 = Debug|Any CPU
		{B2D46281-B43A-4107-9A74-9F092B441585}.Debug|x86.ActiveCfg = Debug|Any CPU
		{B2D46281-B43A-4107-9A74-9F092B441585}.Debug|x86.Build.0 = Debug|Any CPU
		{B2D46281-B43A-4107-9A74-9F092B441585}.Release|Any CPU.ActiveCfg = Release|Any CPU
		{B2D46281-B43A-4107-9A74-9F092B441585}.Release|Any CPU.Build.0 = Release|Any CPU
		{B2D46281-B43A-4107-9A74-9F092B441585}.Release|x64.ActiveCfg = Release|Any CPU
		{B2D46281-B43A-4107-9A74-9F092B441585}.Release|x64.Build.0 = Release|Any CPU
		{B2D46281-B43A-4107-9A74-9F092B441585}.Release|x86.ActiveCfg = Release|Any CPU
		{B2D46281-B43A-4107-9A74-9F092B441585}.Release|x86.Build.0 = Release|Any CPU
		{2A173573-5095-4A85-8E72-E57FCB32D1F3}.Debug|Any CPU.ActiveCfg = Debug|Any CPU
		{2A173573-5095-4A85-8E72-E57FCB32D1F3}.Debug|Any CPU.Build.0 = Debug|Any CPU
		{2A173573-5095-4A85-8E72-E57FCB32D1F3}.Debug|x64.ActiveCfg = Debug|Any CPU
		{2A173573-5095-4A85-8E72-E57FCB32D1F3}.Debug|x64.Build.0 = Debug|Any CPU
		{2A173573-5095-4A85-8E72-E57FCB32D1F3}.Debug|x86.ActiveCfg = Debug|Any CPU
		{2A173573-5095-4A85-8E72-E57FCB32D1F3}.Debug|x86.Build.0 = Debug|Any CPU
		{2A173573-5095-4A85-8E72-E57FCB32D1F3}.Release|Any CPU.ActiveCfg = Release|Any CPU
		{2A173573-5095-4A85-8E72-E57FCB32D1F3}.Release|Any CPU.Build.0 = Release|Any CPU
		{2A173573-5095-4A85-8E72-E57FCB32D1F3}.Release|x64.ActiveCfg = Release|Any CPU
		{2A173573-5095-4A85-8E72-E57FCB32D1F3}.Release|x64.Build.0 = Release|Any CPU
		{2A173573-5095-4A85-8E72-E57FCB32D1F3}.Release|x86.ActiveCfg = Release|Any CPU
		{2A173573-5095-4A85-8E72-E57FCB32D1F3}.Release|x86.Build.0 = Release|Any CPU
		{1FDEDDF9-F650-4524-881F-2E43E6FF8A08}.Debug|Any CPU.ActiveCfg = Debug|Any CPU
		{1FDEDDF9-F650-4524-881F-2E43E6FF8A08}.Debug|Any CPU.Build.0 = Debug|Any CPU
		{1FDEDDF9-F650-4524-881F-2E43E6FF8A08}.Debug|x64.ActiveCfg = Debug|Any CPU
		{1FDEDDF9-F650-4524-881F-2E43E6FF8A08}.Debug|x64.Build.0 = Debug|Any CPU
		{1FDEDDF9-F650-4524-881F-2E43E6FF8A08}.Debug|x86.ActiveCfg = Debug|Any CPU
		{1FDEDDF9-F650-4524-881F-2E43E6FF8A08}.Debug|x86.Build.0 = Debug|Any CPU
		{1FDEDDF9-F650-4524-881F-2E43E6FF8A08}.Release|Any CPU.ActiveCfg = Release|Any CPU
		{1FDEDDF9-F650-4524-881F-2E43E6FF8A08}.Release|Any CPU.Build.0 = Release|Any CPU
		{1FDEDDF9-F650-4524-881F-2E43E6FF8A08}.Release|x64.ActiveCfg = Release|Any CPU
		{1FDEDDF9-F650-4524-881F-2E43E6FF8A08}.Release|x64.Build.0 = Release|Any CPU
		{1FDEDDF9-F650-4524-881F-2E43E6FF8A08}.Release|x86.ActiveCfg = Release|Any CPU
		{1FDEDDF9-F650-4524-881F-2E43E6FF8A08}.Release|x86.Build.0 = Release|Any CPU
		{45574FFC-3B11-4F9B-BB61-618D13D4A7DE}.Debug|Any CPU.ActiveCfg = Debug|Any CPU
		{45574FFC-3B11-4F9B-BB61-618D13D4A7DE}.Debug|Any CPU.Build.0 = Debug|Any CPU
		{45574FFC-3B11-4F9B-BB61-618D13D4A7DE}.Debug|x64.ActiveCfg = Debug|Any CPU
		{45574FFC-3B11-4F9B-BB61-618D13D4A7DE}.Debug|x64.Build.0 = Debug|Any CPU
		{45574FFC-3B11-4F9B-BB61-618D13D4A7DE}.Debug|x86.ActiveCfg = Debug|Any CPU
		{45574FFC-3B11-4F9B-BB61-618D13D4A7DE}.Debug|x86.Build.0 = Debug|Any CPU
		{45574FFC-3B11-4F9B-BB61-618D13D4A7DE}.Release|Any CPU.ActiveCfg = Release|Any CPU
		{45574FFC-3B11-4F9B-BB61-618D13D4A7DE}.Release|Any CPU.Build.0 = Release|Any CPU
		{45574FFC-3B11-4F9B-BB61-618D13D4A7DE}.Release|x64.ActiveCfg = Release|Any CPU
		{45574FFC-3B11-4F9B-BB61-618D13D4A7DE}.Release|x64.Build.0 = Release|Any CPU
		{45574FFC-3B11-4F9B-BB61-618D13D4A7DE}.Release|x86.ActiveCfg = Release|Any CPU
		{45574FFC-3B11-4F9B-BB61-618D13D4A7DE}.Release|x86.Build.0 = Release|Any CPU
		{1450FD10-CA85-4627-A2BA-2D29499D56B0}.Debug|Any CPU.ActiveCfg = Debug|Any CPU
		{1450FD10-CA85-4627-A2BA-2D29499D56B0}.Debug|Any CPU.Build.0 = Debug|Any CPU
		{1450FD10-CA85-4627-A2BA-2D29499D56B0}.Debug|x64.ActiveCfg = Debug|Any CPU
		{1450FD10-CA85-4627-A2BA-2D29499D56B0}.Debug|x64.Build.0 = Debug|Any CPU
		{1450FD10-CA85-4627-A2BA-2D29499D56B0}.Debug|x86.ActiveCfg = Debug|Any CPU
		{1450FD10-CA85-4627-A2BA-2D29499D56B0}.Debug|x86.Build.0 = Debug|Any CPU
		{1450FD10-CA85-4627-A2BA-2D29499D56B0}.Release|Any CPU.ActiveCfg = Release|Any CPU
		{1450FD10-CA85-4627-A2BA-2D29499D56B0}.Release|Any CPU.Build.0 = Release|Any CPU
		{1450FD10-CA85-4627-A2BA-2D29499D56B0}.Release|x64.ActiveCfg = Release|Any CPU
		{1450FD10-CA85-4627-A2BA-2D29499D56B0}.Release|x64.Build.0 = Release|Any CPU
		{1450FD10-CA85-4627-A2BA-2D29499D56B0}.Release|x86.ActiveCfg = Release|Any CPU
		{1450FD10-CA85-4627-A2BA-2D29499D56B0}.Release|x86.Build.0 = Release|Any CPU
		{F96DBA62-9762-4A98-B6B3-B17E605594F2}.Debug|Any CPU.ActiveCfg = Debug|Any CPU
		{F96DBA62-9762-4A98-B6B3-B17E605594F2}.Debug|Any CPU.Build.0 = Debug|Any CPU
		{F96DBA62-9762-4A98-B6B3-B17E605594F2}.Debug|x64.ActiveCfg = Debug|Any CPU
		{F96DBA62-9762-4A98-B6B3-B17E605594F2}.Debug|x64.Build.0 = Debug|Any CPU
		{F96DBA62-9762-4A98-B6B3-B17E605594F2}.Debug|x86.ActiveCfg = Debug|Any CPU
		{F96DBA62-9762-4A98-B6B3-B17E605594F2}.Debug|x86.Build.0 = Debug|Any CPU
		{F96DBA62-9762-4A98-B6B3-B17E605594F2}.Release|Any CPU.ActiveCfg = Release|Any CPU
		{F96DBA62-9762-4A98-B6B3-B17E605594F2}.Release|Any CPU.Build.0 = Release|Any CPU
		{F96DBA62-9762-4A98-B6B3-B17E605594F2}.Release|x64.ActiveCfg = Release|Any CPU
		{F96DBA62-9762-4A98-B6B3-B17E605594F2}.Release|x64.Build.0 = Release|Any CPU
		{F96DBA62-9762-4A98-B6B3-B17E605594F2}.Release|x86.ActiveCfg = Release|Any CPU
		{F96DBA62-9762-4A98-B6B3-B17E605594F2}.Release|x86.Build.0 = Release|Any CPU
	EndGlobalSection
	GlobalSection(SolutionProperties) = preSolution
		HideSolutionNode = FALSE
	EndGlobalSection
EndGlobal
